
Microsoft Visual Studio Solution File, Format Version 12.00
# Visual Studio Version 16
VisualStudioVersion = 16.0.29209.152
MinimumVisualStudioVersion = 10.0.40219.1
Project("{FAE04EC0-301F-11D3-BF4B-00C04F79EFBC}") = "eximo.Android", "eximo\eximo.Android\eximo.Android.csproj", "{49142E1A-D00F-49BF-92B7-A9EA4D4CACDE}"
EndProject
Project("{FAE04EC0-301F-11D3-BF4B-00C04F79EFBC}") = "eximo.iOS", "eximo\eximo.iOS\eximo.iOS.csproj", "{6DAFBDC4-2392-4CAC-AB03-E56D4B9C04CC}"
EndProject
Project("{9A19103F-16F7-4668-BE54-9A1E7A4F7556}") = "eximo", "eximo\eximo\eximo.csproj", "{B0A74738-B9C9-4AEB-A3F4-5F3F65C6B273}"
EndProject
Project("{9A19103F-16F7-4668-BE54-9A1E7A4F7556}") = "eximo.core", "eximo.core\eximo.core.csproj", "{041515E8-51A2-46AC-B0C9-27D1DE48B101}"
EndProject
Project("{9A19103F-16F7-4668-BE54-9A1E7A4F7556}") = "eximo.data", "eximo.data\eximo.data.csproj", "{D9468050-DD14-4213-BE51-A149D3CFED77}"
EndProject
Project("{9A19103F-16F7-4668-BE54-9A1E7A4F7556}") = "eximo.ConsoleBuilderApp", "eximo.ConsoleBuilderApp\eximo.ConsoleBuilderApp.csproj", "{DBD7395A-C984-410B-B601-E1AD056BB25A}"
EndProject
Project("{FAE04EC0-301F-11D3-BF4B-00C04F79EFBC}") = "eximo.Test", "eximo.Test\eximo.Test.csproj", "{7CCBD710-6F56-4214-B814-6FA63D4DFBD7}"
EndProject
Global
	GlobalSection(SolutionConfigurationPlatforms) = preSolution
		Debug|Any CPU = Debug|Any CPU
		Debug|iPhone = Debug|iPhone
		Debug|iPhoneSimulator = Debug|iPhoneSimulator
		Release|Any CPU = Release|Any CPU
		Release|iPhone = Release|iPhone
		Release|iPhoneSimulator = Release|iPhoneSimulator
	EndGlobalSection
	GlobalSection(ProjectConfigurationPlatforms) = postSolution
		{49142E1A-D00F-49BF-92B7-A9EA4D4CACDE}.Debug|Any CPU.ActiveCfg = Debug|Any CPU
		{49142E1A-D00F-49BF-92B7-A9EA4D4CACDE}.Debug|Any CPU.Build.0 = Debug|Any CPU
		{49142E1A-D00F-49BF-92B7-A9EA4D4CACDE}.Debug|Any CPU.Deploy.0 = Debug|Any CPU
		{49142E1A-D00F-49BF-92B7-A9EA4D4CACDE}.Debug|iPhone.ActiveCfg = Debug|Any CPU
		{49142E1A-D00F-49BF-92B7-A9EA4D4CACDE}.Debug|iPhone.Build.0 = Debug|Any CPU
		{49142E1A-D00F-49BF-92B7-A9EA4D4CACDE}.Debug|iPhone.Deploy.0 = Debug|Any CPU
		{49142E1A-D00F-49BF-92B7-A9EA4D4CACDE}.Debug|iPhoneSimulator.ActiveCfg = Debug|Any CPU
		{49142E1A-D00F-49BF-92B7-A9EA4D4CACDE}.Debug|iPhoneSimulator.Build.0 = Debug|Any CPU
		{49142E1A-D00F-49BF-92B7-A9EA4D4CACDE}.Debug|iPhoneSimulator.Deploy.0 = Debug|Any CPU
		{49142E1A-D00F-49BF-92B7-A9EA4D4CACDE}.Release|Any CPU.ActiveCfg = Release|Any CPU
		{49142E1A-D00F-49BF-92B7-A9EA4D4CACDE}.Release|Any CPU.Build.0 = Release|Any CPU
		{49142E1A-D00F-49BF-92B7-A9EA4D4CACDE}.Release|Any CPU.Deploy.0 = Release|Any CPU
		{49142E1A-D00F-49BF-92B7-A9EA4D4CACDE}.Release|iPhone.ActiveCfg = Release|Any CPU
		{49142E1A-D00F-49BF-92B7-A9EA4D4CACDE}.Release|iPhone.Build.0 = Release|Any CPU
		{49142E1A-D00F-49BF-92B7-A9EA4D4CACDE}.Release|iPhone.Deploy.0 = Release|Any CPU
		{49142E1A-D00F-49BF-92B7-A9EA4D4CACDE}.Release|iPhoneSimulator.ActiveCfg = Release|Any CPU
		{49142E1A-D00F-49BF-92B7-A9EA4D4CACDE}.Release|iPhoneSimulator.Build.0 = Release|Any CPU
		{49142E1A-D00F-49BF-92B7-A9EA4D4CACDE}.Release|iPhoneSimulator.Deploy.0 = Release|Any CPU
		{6DAFBDC4-2392-4CAC-AB03-E56D4B9C04CC}.Debug|Any CPU.ActiveCfg = Debug|iPhoneSimulator
		{6DAFBDC4-2392-4CAC-AB03-E56D4B9C04CC}.Debug|Any CPU.Build.0 = Debug|iPhoneSimulator
		{6DAFBDC4-2392-4CAC-AB03-E56D4B9C04CC}.Debug|Any CPU.Deploy.0 = Debug|iPhoneSimulator
		{6DAFBDC4-2392-4CAC-AB03-E56D4B9C04CC}.Debug|iPhone.ActiveCfg = Debug|iPhone
		{6DAFBDC4-2392-4CAC-AB03-E56D4B9C04CC}.Debug|iPhone.Build.0 = Debug|iPhone
		{6DAFBDC4-2392-4CAC-AB03-E56D4B9C04CC}.Debug|iPhone.Deploy.0 = Debug|iPhone
		{6DAFBDC4-2392-4CAC-AB03-E56D4B9C04CC}.Debug|iPhoneSimulator.ActiveCfg = Debug|iPhoneSimulator
		{6DAFBDC4-2392-4CAC-AB03-E56D4B9C04CC}.Debug|iPhoneSimulator.Build.0 = Debug|iPhoneSimulator
		{6DAFBDC4-2392-4CAC-AB03-E56D4B9C04CC}.Debug|iPhoneSimulator.Deploy.0 = Debug|iPhoneSimulator
		{6DAFBDC4-2392-4CAC-AB03-E56D4B9C04CC}.Release|Any CPU.ActiveCfg = Release|iPhone
		{6DAFBDC4-2392-4CAC-AB03-E56D4B9C04CC}.Release|Any CPU.Build.0 = Release|iPhone
		{6DAFBDC4-2392-4CAC-AB03-E56D4B9C04CC}.Release|Any CPU.Deploy.0 = Release|iPhone
		{6DAFBDC4-2392-4CAC-AB03-E56D4B9C04CC}.Release|iPhone.ActiveCfg = Release|iPhone
		{6DAFBDC4-2392-4CAC-AB03-E56D4B9C04CC}.Release|iPhone.Build.0 = Release|iPhone
		{6DAFBDC4-2392-4CAC-AB03-E56D4B9C04CC}.Release|iPhone.Deploy.0 = Release|iPhone
		{6DAFBDC4-2392-4CAC-AB03-E56D4B9C04CC}.Release|iPhoneSimulator.ActiveCfg = Release|iPhoneSimulator
		{6DAFBDC4-2392-4CAC-AB03-E56D4B9C04CC}.Release|iPhoneSimulator.Build.0 = Release|iPhoneSimulator
		{6DAFBDC4-2392-4CAC-AB03-E56D4B9C04CC}.Release|iPhoneSimulator.Deploy.0 = Release|iPhoneSimulator
		{B0A74738-B9C9-4AEB-A3F4-5F3F65C6B273}.Debug|Any CPU.ActiveCfg = Debug|Any CPU
		{B0A74738-B9C9-4AEB-A3F4-5F3F65C6B273}.Debug|Any CPU.Build.0 = Debug|Any CPU
		{B0A74738-B9C9-4AEB-A3F4-5F3F65C6B273}.Debug|Any CPU.Deploy.0 = Debug|Any CPU
		{B0A74738-B9C9-4AEB-A3F4-5F3F65C6B273}.Debug|iPhone.ActiveCfg = Debug|Any CPU
		{B0A74738-B9C9-4AEB-A3F4-5F3F65C6B273}.Debug|iPhone.Build.0 = Debug|Any CPU
		{B0A74738-B9C9-4AEB-A3F4-5F3F65C6B273}.Debug|iPhone.Deploy.0 = Debug|Any CPU
		{B0A74738-B9C9-4AEB-A3F4-5F3F65C6B273}.Debug|iPhoneSimulator.ActiveCfg = Debug|Any CPU
		{B0A74738-B9C9-4AEB-A3F4-5F3F65C6B273}.Debug|iPhoneSimulator.Build.0 = Debug|Any CPU
		{B0A74738-B9C9-4AEB-A3F4-5F3F65C6B273}.Debug|iPhoneSimulator.Deploy.0 = Debug|Any CPU
		{B0A74738-B9C9-4AEB-A3F4-5F3F65C6B273}.Release|Any CPU.ActiveCfg = Release|Any CPU
		{B0A74738-B9C9-4AEB-A3F4-5F3F65C6B273}.Release|Any CPU.Build.0 = Release|Any CPU
		{B0A74738-B9C9-4AEB-A3F4-5F3F65C6B273}.Release|Any CPU.Deploy.0 = Release|Any CPU
		{B0A74738-B9C9-4AEB-A3F4-5F3F65C6B273}.Release|iPhone.ActiveCfg = Release|Any CPU
		{B0A74738-B9C9-4AEB-A3F4-5F3F65C6B273}.Release|iPhone.Build.0 = Release|Any CPU
		{B0A74738-B9C9-4AEB-A3F4-5F3F65C6B273}.Release|iPhone.Deploy.0 = Release|Any CPU
		{B0A74738-B9C9-4AEB-A3F4-5F3F65C6B273}.Release|iPhoneSimulator.ActiveCfg = Release|Any CPU
		{B0A74738-B9C9-4AEB-A3F4-5F3F65C6B273}.Release|iPhoneSimulator.Build.0 = Release|Any CPU
		{B0A74738-B9C9-4AEB-A3F4-5F3F65C6B273}.Release|iPhoneSimulator.Deploy.0 = Release|Any CPU
		{041515E8-51A2-46AC-B0C9-27D1DE48B101}.Debug|Any CPU.ActiveCfg = Debug|Any CPU
		{041515E8-51A2-46AC-B0C9-27D1DE48B101}.Debug|Any CPU.Build.0 = Debug|Any CPU
		{041515E8-51A2-46AC-B0C9-27D1DE48B101}.Debug|iPhone.ActiveCfg = Debug|Any CPU
		{041515E8-51A2-46AC-B0C9-27D1DE48B101}.Debug|iPhone.Build.0 = Debug|Any CPU
		{041515E8-51A2-46AC-B0C9-27D1DE48B101}.Debug|iPhoneSimulator.ActiveCfg = Debug|Any CPU
		{041515E8-51A2-46AC-B0C9-27D1DE48B101}.Debug|iPhoneSimulator.Build.0 = Debug|Any CPU
		{041515E8-51A2-46AC-B0C9-27D1DE48B101}.Release|Any CPU.ActiveCfg = Release|Any CPU
		{041515E8-51A2-46AC-B0C9-27D1DE48B101}.Release|Any CPU.Build.0 = Release|Any CPU
		{041515E8-51A2-46AC-B0C9-27D1DE48B101}.Release|iPhone.ActiveCfg = Release|Any CPU
		{041515E8-51A2-46AC-B0C9-27D1DE48B101}.Release|iPhone.Build.0 = Release|Any CPU
		{041515E8-51A2-46AC-B0C9-27D1DE48B101}.Release|iPhoneSimulator.ActiveCfg = Release|Any CPU
		{041515E8-51A2-46AC-B0C9-27D1DE48B101}.Release|iPhoneSimulator.Build.0 = Release|Any CPU
		{D9468050-DD14-4213-BE51-A149D3CFED77}.Debug|Any CPU.ActiveCfg = Debug|Any CPU
		{D9468050-DD14-4213-BE51-A149D3CFED77}.Debug|Any CPU.Build.0 = Debug|Any CPU
		{D9468050-DD14-4213-BE51-A149D3CFED77}.Debug|iPhone.ActiveCfg = Debug|Any CPU
		{D9468050-DD14-4213-BE51-A149D3CFED77}.Debug|iPhone.Build.0 = Debug|Any CPU
		{D9468050-DD14-4213-BE51-A149D3CFED77}.Debug|iPhoneSimulator.ActiveCfg = Debug|Any CPU
		{D9468050-DD14-4213-BE51-A149D3CFED77}.Debug|iPhoneSimulator.Build.0 = Debug|Any CPU
		{D9468050-DD14-4213-BE51-A149D3CFED77}.Release|Any CPU.ActiveCfg = Release|Any CPU
		{D9468050-DD14-4213-BE51-A149D3CFED77}.Release|Any CPU.Build.0 = Release|Any CPU
		{D9468050-DD14-4213-BE51-A149D3CFED77}.Release|iPhone.ActiveCfg = Release|Any CPU
		{D9468050-DD14-4213-BE51-A149D3CFED77}.Release|iPhone.Build.0 = Release|Any CPU
		{D9468050-DD14-4213-BE51-A149D3CFED77}.Release|iPhoneSimulator.ActiveCfg = Release|Any CPU
		{D9468050-DD14-4213-BE51-A149D3CFED77}.Release|iPhoneSimulator.Build.0 = Release|Any CPU
		{DBD7395A-C984-410B-B601-E1AD056BB25A}.Debug|Any CPU.ActiveCfg = Debug|Any CPU
		{DBD7395A-C984-410B-B601-E1AD056BB25A}.Debug|Any CPU.Build.0 = Debug|Any CPU
		{DBD7395A-C984-410B-B601-E1AD056BB25A}.Debug|iPhone.ActiveCfg = Debug|Any CPU
		{DBD7395A-C984-410B-B601-E1AD056BB25A}.Debug|iPhone.Build.0 = Debug|Any CPU
		{DBD7395A-C984-410B-B601-E1AD056BB25A}.Debug|iPhoneSimulator.ActiveCfg = Debug|Any CPU
		{DBD7395A-C984-410B-B601-E1AD056BB25A}.Debug|iPhoneSimulator.Build.0 = Debug|Any CPU
		{DBD7395A-C984-410B-B601-E1AD056BB25A}.Release|Any CPU.ActiveCfg = Release|Any CPU
		{DBD7395A-C984-410B-B601-E1AD056BB25A}.Release|Any CPU.Build.0 = Release|Any CPU
		{DBD7395A-C984-410B-B601-E1AD056BB25A}.Release|iPhone.ActiveCfg = Release|Any CPU
		{DBD7395A-C984-410B-B601-E1AD056BB25A}.Release|iPhone.Build.0 = Release|Any CPU
		{DBD7395A-C984-410B-B601-E1AD056BB25A}.Release|iPhoneSimulator.ActiveCfg = Release|Any CPU
		{DBD7395A-C984-410B-B601-E1AD056BB25A}.Release|iPhoneSimulator.Build.0 = Release|Any CPU
		{7CCBD710-6F56-4214-B814-6FA63D4DFBD7}.Debug|Any CPU.ActiveCfg = Debug|Any CPU
		{7CCBD710-6F56-4214-B814-6FA63D4DFBD7}.Debug|Any CPU.Build.0 = Debug|Any CPU
		{7CCBD710-6F56-4214-B814-6FA63D4DFBD7}.Debug|iPhone.ActiveCfg = Debug|Any CPU
		{7CCBD710-6F56-4214-B814-6FA63D4DFBD7}.Debug|iPhone.Build.0 = Debug|Any CPU
		{7CCBD710-6F56-4214-B814-6FA63D4DFBD7}.Debug|iPhoneSimulator.ActiveCfg = Debug|Any CPU
		{7CCBD710-6F56-4214-B814-6FA63D4DFBD7}.Debug|iPhoneSimulator.Build.0 = Debug|Any CPU
		{7CCBD710-6F56-4214-B814-6FA63D4DFBD7}.Release|Any CPU.ActiveCfg = Release|Any CPU
		{7CCBD710-6F56-4214-B814-6FA63D4DFBD7}.Release|Any CPU.Build.0 = Release|Any CPU
		{7CCBD710-6F56-4214-B814-6FA63D4DFBD7}.Release|iPhone.ActiveCfg = Release|Any CPU
		{7CCBD710-6F56-4214-B814-6FA63D4DFBD7}.Release|iPhone.Build.0 = Release|Any CPU
		{7CCBD710-6F56-4214-B814-6FA63D4DFBD7}.Release|iPhoneSimulator.ActiveCfg = Release|Any CPU
		{7CCBD710-6F56-4214-B814-6FA63D4DFBD7}.Release|iPhoneSimulator.Build.0 = Release|Any CPU
	EndGlobalSection
	GlobalSection(SolutionProperties) = preSolution
		HideSolutionNode = FALSE
	EndGlobalSection
	GlobalSection(ExtensibilityGlobals) = postSolution
		SolutionGuid = {618609F6-1B9A-4A43-94C5-BE4B319B9577}
	EndGlobalSection
EndGlobal
